
Microsoft Visual Studio Solution File, Format Version 12.00
# Visual Studio Version 16
VisualStudioVersion = 16.0.30621.155
MinimumVisualStudioVersion = 10.0.40219.1
Project("{FAE04EC0-301F-11D3-BF4B-00C04F79EFBC}") = "TaskManager", "TaskManager.csproj", "{21F43C9D-D55C-405C-A392-4EC01205CB3A}"
EndProject
Global
	GlobalSection(SolutionConfigurationPlatforms) = preSolution
		Debug|Any CPU = Debug|Any CPU
		Release|Any CPU = Release|Any CPU
	EndGlobalSection
	GlobalSection(ProjectConfigurationPlatforms) = postSolution
		{21F43C9D-D55C-405C-A392-4EC01205CB3A}.Debug|Any CPU.ActiveCfg = Debug|Any CPU
		{21F43C9D-D55C-405C-A392-4EC01205CB3A}.Debug|Any CPU.Build.0 = Debug|Any CPU
		{21F43C9D-D55C-405C-A392-4EC01205CB3A}.Release|Any CPU.ActiveCfg = Release|Any CPU
		{21F43C9D-D55C-405C-A392-4EC01205CB3A}.Release|Any CPU.Build.0 = Release|Any CPU
	EndGlobalSection
	GlobalSection(SolutionProperties) = preSolution
		HideSolutionNode = FALSE
	EndGlobalSection
	GlobalSection(ExtensibilityGlobals) = postSolution
		SolutionGuid = {DDF26798-2058-435D-A6B6-3829F2AB2B6C}
	EndGlobalSection
EndGlobal
